
Microsoft Visual Studio Solution File, Format Version 12.00
# Visual Studio 15
VisualStudioVersion = 15.0.28307.902
MinimumVisualStudioVersion = 10.0.40219.1
Project("{FAE04EC0-301F-11D3-BF4B-00C04F79EFBC}") = "ExceptionHandling", "ExceptionHandling\ExceptionHandling.csproj", "{638135AB-8824-4686-8224-93DD69AE5C5D}"
EndProject
Global
	GlobalSection(SolutionConfigurationPlatforms) = preSolution
		Debug|Any CPU = Debug|Any CPU
		Release|Any CPU = Release|Any CPU
	EndGlobalSection
	GlobalSection(ProjectConfigurationPlatforms) = postSolution
		{638135AB-8824-4686-8224-93DD69AE5C5D}.Debug|Any CPU.ActiveCfg = Debug|Any CPU
		{638135AB-8824-4686-8224-93DD69AE5C5D}.Debug|Any CPU.Build.0 = Debug|Any CPU
		{638135AB-8824-4686-8224-93DD69AE5C5D}.Release|Any CPU.ActiveCfg = Release|Any CPU
		{638135AB-8824-4686-8224-93DD69AE5C5D}.Release|Any CPU.Build.0 = Release|Any CPU
	EndGlobalSection
	GlobalSection(SolutionProperties) = preSolution
		HideSolutionNode = FALSE
	EndGlobalSection
	GlobalSection(ExtensibilityGlobals) = postSolution
		SolutionGuid = {84FBF016-587D-4CC9-9440-0C73A74A072A}
	EndGlobalSection
EndGlobal
